hash: f75f4698c425a965ec3b8d669176a9db806f90f537f828e438c124376cc9146a
updated: 2017-06-08T22:32:51.614617355-03:00
imports:
- name: github.com/emersion/go-imap
  version: 840b16b212bff35b595e708937c6d60861cfab49
- name: github.com/emersion/go-imap-idle
  version: 33439519c3466283abf31a2c1c9a5e181d5aea9b
- name: github.com/jhillyerd/go.enmime
  version: 1b38e76723aa41be23ca88adbb21df1972c10b7f
- name: github.com/mattermost/platform
  version: 3f19ccf1b1a6efdcc990cf8a0270ec4ffc0c6e22
  subpackages:
  - model
- name: github.com/paulrosania/go-charset
  version: 621bb39fcc835dce592e682f5073025d0169587b
  subpackages:
  - charset
  - data
testImports: []
