hash: 494eeddb11c294674d572e4267fc11ea5e03880ced7b07d51eb53a21b898c289
updated: 2016-11-21T22:26:22.153403095-02:00
imports:
- name: github.com/alecthomas/log4go
  version: e5dc62318d9bd58682f1dceb53a4b24e8253682f
- name: github.com/gorilla/websocket
  version: 1f512fc3f05332ba7117626cdfb4e07474e58e60
- name: github.com/jaytaylor/html2text
  version: 4b9124c9b0a2279e2092c4a9aaf1c83bbd2dcffc
- name: github.com/jhillyerd/go.enmime
  version: 1b38e76723aa41be23ca88adbb21df1972c10b7f
- name: github.com/mattermost/platform
  version: 3f19ccf1b1a6efdcc990cf8a0270ec4ffc0c6e22
  subpackages:
  - model
- name: github.com/mxk/go-imap
  version: 531c36c3f12d6a03ea766b07a77314aa51ec17f3
  subpackages:
  - imap
- name: github.com/nicksnyder/go-i18n
  version: 37e5c2de3e03e4b82693e3fcb4a6aa2cc4eb07e3
  subpackages:
  - i18n
  - i18n/bundle
  - i18n/language
  - i18n/translation
- name: github.com/paulrosania/go-charset
  version: 621bb39fcc835dce592e682f5073025d0169587b
  subpackages:
  - charset
  - data
- name: github.com/pborman/uuid
  version: a97ce2ca70fa5a848076093f05e639a89ca34d06
- name: golang.org/x/crypto
  version: 6ab629be5e31660579425a738ba8870beb5b7404
  subpackages:
  - bcrypt
  - blowfish
- name: golang.org/x/net
  version: 4971afdc2f162e82d185353533d3cf16188a9f4e
  subpackages:
  - html
  - html/atom
- name: golang.org/x/text
  version: a263ba8db058568bb9beba166777d9c9dbe75d68
  subpackages:
  - encoding
  - encoding/charmap
  - encoding/internal
  - encoding/internal/identifier
  - encoding/japanese
  - encoding/korean
  - encoding/simplifiedchinese
  - encoding/traditionalchinese
  - encoding/unicode
  - internal/utf8internal
  - runes
  - transform
- name: gopkg.in/yaml.v2
  version: a5b47d31c556af34a302ce5d659e6fea44d90de0
testImports: []
