hash: 0333fea5c99e187a7c9f0b15ec1931d60c230a75f2cd2ad16905ca7e389c2df5
updated: 2017-08-10T21:53:07.403985092-03:00
imports:
- name: github.com/alecthomas/log4go
  version: 3fbce08846379ec7f4f6bc7fce6dd01ce28fae4c
  repo: https://github.com/mattermost/log4go.git
- name: github.com/emersion/go-imap
  version: dc58f306f9a760d70f4eb628b3c1b5fa8a490b97
  subpackages:
  - backend
  - backend/backendutil
  - backend/memory
  - client
  - commands
  - responses
  - server
  - utf7
- name: github.com/emersion/go-imap-idle
  version: 2ba078955c8a32885916065eaa984b39ce90ff58
- name: github.com/emersion/go-message
  version: 3e802f3218ec8f05773ad91cd5f985ebd303bbfa
  subpackages:
  - charset
  - mail
- name: github.com/emersion/go-sasl
  version: 7e096a0a6197b89989e8cc31016daa67c8c62051
- name: github.com/emersion/go-textwrapper
  version: d0e65e56babe3f687ff94c1d764ca0e6aa7723ee
- name: github.com/gorilla/websocket
  version: 3ab3a8b8831546bd18fd182c20687ca853b2bb13
- name: github.com/jaytaylor/html2text
  version: f3b8a7ca0a23f0a806b2e1ad1247de39ecde54bf
- name: github.com/jhillyerd/go.enmime
  version: 1b38e76723aa41be23ca88adbb21df1972c10b7f
- name: github.com/mattermost/platform
  version: 737b46823fc8f59e9aa19fdce5533b8edb1f7f24
  subpackages:
  - model
- name: github.com/nicksnyder/go-i18n
  version: 3e70a1a463008cea6726380c908b1a6a8bdf7b24
  subpackages:
  - i18n
  - i18n/bundle
  - i18n/language
  - i18n/translation
- name: github.com/paulrosania/go-charset
  version: 621bb39fcc835dce592e682f5073025d0169587b
  subpackages:
  - charset
  - data
- name: github.com/pborman/uuid
  version: a97ce2ca70fa5a848076093f05e639a89ca34d06
- name: github.com/pelletier/go-toml
  version: 69d355db5304c0f7f809a2edc054553e7142f016
- name: github.com/ssor/bom
  version: 6ed919a936d5ab554e4b40bc51f7c522488122c6
- name: golang.org/x/crypto
  version: 6ab629be5e31660579425a738ba8870beb5b7404
  subpackages:
  - bcrypt
  - blowfish
- name: golang.org/x/net
  version: ffcf1bedda3b04ebb15a168a59800a73d6dc0f4d
  subpackages:
  - html
  - html/atom
- name: golang.org/x/text
  version: f4b4367115ec2de254587813edaa901bc1c723a8
  subpackages:
  - encoding
  - encoding/charmap
  - encoding/internal
  - encoding/internal/identifier
  - encoding/japanese
  - encoding/korean
  - encoding/simplifiedchinese
  - encoding/traditionalchinese
  - encoding/unicode
  - internal/utf8internal
  - runes
  - transform
- name: gopkg.in/yaml.v2
  version: a3f3340b5840cee44f372bddb5880fcbc419b46a
testImports: []
